
Microsoft Visual Studio Solution File, Format Version 12.00
# Visual Studio Version 16
VisualStudioVersion = 16.0.31911.196
MinimumVisualStudioVersion = 10.0.40219.1
Project("{FAE04EC0-301F-11D3-BF4B-00C04F79EFBC}") = "addNewFile", "addNewFile\addNewFile.csproj", "{19591EED-FF3A-4AEF-95EA-66594C366745}"
EndProject
Global
	GlobalSection(SolutionConfigurationPlatforms) = preSolution
		Debug|Any CPU = Debug|Any CPU
		Release|Any CPU = Release|Any CPU
	EndGlobalSection
	GlobalSection(ProjectConfigurationPlatforms) = postSolution
		{19591EED-FF3A-4AEF-95EA-66594C366745}.Debug|Any CPU.ActiveCfg = Debug|Any CPU
		{19591EED-FF3A-4AEF-95EA-66594C366745}.Debug|Any CPU.Build.0 = Debug|Any CPU
		{19591EED-FF3A-4AEF-95EA-66594C366745}.Release|Any CPU.ActiveCfg = Release|Any CPU
		{19591EED-FF3A-4AEF-95EA-66594C366745}.Release|Any CPU.Build.0 = Release|Any CPU
	EndGlobalSection
	GlobalSection(SolutionProperties) = preSolution
		HideSolutionNode = FALSE
	EndGlobalSection
	GlobalSection(ExtensibilityGlobals) = postSolution
		SolutionGuid = {EDF9A62B-93A8-4564-B8B1-8FA5961D6A99}
	EndGlobalSection
EndGlobal
